
Microsoft Visual Studio Solution File, Format Version 12.00
# Visual Studio Version 17
VisualStudioVersion = 17.9.34723.18
MinimumVisualStudioVersion = 10.0.40219.1
Project("{FAE04EC0-301F-11D3-BF4B-00C04F79EFBC}") = "AbstractFactory", "AbstractFactory\AbstractFactory.csproj", "{737FB7F7-4B63-4F8A-83C1-085261CEEAAB}"
EndProject
Global
	GlobalSection(SolutionConfigurationPlatforms) = preSolution
		Debug|Any CPU = Debug|Any CPU
		Release|Any CPU = Release|Any CPU
	EndGlobalSection
	GlobalSection(ProjectConfigurationPlatforms) = postSolution
		{737FB7F7-4B63-4F8A-83C1-085261CEEAAB}.Debug|Any CPU.ActiveCfg = Debug|Any CPU
		{737FB7F7-4B63-4F8A-83C1-085261CEEAAB}.Debug|Any CPU.Build.0 = Debug|Any CPU
		{737FB7F7-4B63-4F8A-83C1-085261CEEAAB}.Release|Any CPU.ActiveCfg = Release|Any CPU
		{737FB7F7-4B63-4F8A-83C1-085261CEEAAB}.Release|Any CPU.Build.0 = Release|Any CPU
	EndGlobalSection
	GlobalSection(SolutionProperties) = preSolution
		HideSolutionNode = FALSE
	EndGlobalSection
	GlobalSection(ExtensibilityGlobals) = postSolution
		SolutionGuid = {6894C8E9-3320-4955-BA93-0728B1662482}
	EndGlobalSection
EndGlobal
